
Microsoft Visual Studio Solution File, Format Version 12.00
# Visual Studio 2012
Project("{FAE04EC0-301F-11D3-BF4B-00C04F79EFBC}") = "TFSDeleteWorkspaces", "TFSDeleteWorkspaces\TFSDeleteWorkspaces.csproj", "{966EDE37-10A9-4C6A-9675-78B284BFF891}"
EndProject
Global
	GlobalSection(TeamFoundationVersionControl) = preSolution
		SccNumberOfProjects = 2
		SccEnterpriseProvider = {4CA58AB2-18FA-4F8D-95D4-32DDF27D184C}
		SccTeamFoundationServer = http://cvrca-tfsprd.ds.ad.adp.com:8080/tfs/cvr
		SccLocalPath0 = .
		SccProjectUniqueName1 = TFSDeleteWorkspaces\\TFSDeleteWorkspaces.csproj
		SccProjectName1 = TFSDeleteWorkspaces
		SccLocalPath1 = TFSDeleteWorkspaces
	EndGlobalSection
	GlobalSection(SolutionConfigurationPlatforms) = preSolution
		Debug|Any CPU = Debug|Any CPU
		Release|Any CPU = Release|Any CPU
	EndGlobalSection
	GlobalSection(ProjectConfigurationPlatforms) = postSolution
		{966EDE37-10A9-4C6A-9675-78B284BFF891}.Debug|Any CPU.ActiveCfg = Debug|Any CPU
		{966EDE37-10A9-4C6A-9675-78B284BFF891}.Debug|Any CPU.Build.0 = Debug|Any CPU
		{966EDE37-10A9-4C6A-9675-78B284BFF891}.Release|Any CPU.ActiveCfg = Release|Any CPU
		{966EDE37-10A9-4C6A-9675-78B284BFF891}.Release|Any CPU.Build.0 = Release|Any CPU
	EndGlobalSection
	GlobalSection(SolutionProperties) = preSolution
		HideSolutionNode = FALSE
	EndGlobalSection
EndGlobal
